// !$*UTF8*$!
{
	archiveVersion = 1;
	classes = {
	};
	objectVersion = 51;
	objects = {

/* Begin PBXBuildFile section */
		627A11B7DCFBF9C84F68A422 /* Pods_MiddlePoint.framework in Frameworks */ = {isa = PBXBuildFile; fileRef = 9075D2B6413A8A4F5AD0E7A7 /* Pods_MiddlePoint.framework */; };
		7205900B24E7D3BD00AB3E58 /* PlaceCardView.xib in Resources */ = {isa = PBXBuildFile; fileRef = 7205900A24E7D3BD00AB3E58 /* PlaceCardView.xib */; };
		7205900D24E7D3D700AB3E58 /* PlaceCardView.swift in Sources */ = {isa = PBXBuildFile; fileRef = 7205900C24E7D3D700AB3E58 /* PlaceCardView.swift */; };
		721E386D247181B6004420CA /* AppDelegate.swift in Sources */ = {isa = PBXBuildFile; fileRef = 721E386C247181B6004420CA /* AppDelegate.swift */; };
		721E3874247181B6004420CA /* Main.storyboard in Resources */ = {isa = PBXBuildFile; fileRef = 721E3872247181B6004420CA /* Main.storyboard */; };
		721E3876247181B6004420CA /* Assets.xcassets in Resources */ = {isa = PBXBuildFile; fileRef = 721E3875247181B6004420CA /* Assets.xcassets */; };
		721E3879247181B6004420CA /* LaunchScreen.storyboard in Resources */ = {isa = PBXBuildFile; fileRef = 721E3877247181B6004420CA /* LaunchScreen.storyboard */; };
		721E388124718344004420CA /* FindAddressViewController.swift in Sources */ = {isa = PBXBuildFile; fileRef = 721E388024718344004420CA /* FindAddressViewController.swift */; };
		721E388324719436004420CA /* FriendAddressTableViewCell.swift in Sources */ = {isa = PBXBuildFile; fileRef = 721E388224719436004420CA /* FriendAddressTableViewCell.swift */; };
		7239633624F4FB7B00A67BDD /* KakaoShare.swift in Sources */ = {isa = PBXBuildFile; fileRef = 7239633524F4FB7B00A67BDD /* KakaoShare.swift */; };
		724DD573248D137300290110 /* Location.swift in Sources */ = {isa = PBXBuildFile; fileRef = 724DD56A248D137200290110 /* Location.swift */; };
		724DD574248D137300290110 /* Results.swift in Sources */ = {isa = PBXBuildFile; fileRef = 724DD56B248D137200290110 /* Results.swift */; };
		724DD575248D137300290110 /* Southwest.swift in Sources */ = {isa = PBXBuildFile; fileRef = 724DD56C248D137200290110 /* Southwest.swift */; };
		724DD576248D137300290110 /* Plus_code.swift in Sources */ = {isa = PBXBuildFile; fileRef = 724DD56D248D137200290110 /* Plus_code.swift */; };
		724DD577248D137300290110 /* Photos.swift in Sources */ = {isa = PBXBuildFile; fileRef = 724DD56E248D137200290110 /* Photos.swift */; };
		724DD578248D137300290110 /* Northeast.swift in Sources */ = {isa = PBXBuildFile; fileRef = 724DD56F248D137200290110 /* Northeast.swift */; };
		724DD57A248D137300290110 /* Viewport.swift in Sources */ = {isa = PBXBuildFile; fileRef = 724DD571248D137200290110 /* Viewport.swift */; };
		724DD57B248D137300290110 /* Geometry.swift in Sources */ = {isa = PBXBuildFile; fileRef = 724DD572248D137300290110 /* Geometry.swift */; };
		724DD57D248D13CF00290110 /* PlaceData.swift in Sources */ = {isa = PBXBuildFile; fileRef = 724DD57C248D13CF00290110 /* PlaceData.swift */; };
		727B9D822477F4AF00984A62 /* FindPreferLocationViewController.swift in Sources */ = {isa = PBXBuildFile; fileRef = 727B9D812477F4AF00984A62 /* FindPreferLocationViewController.swift */; };
		72BF0E60248C9CD10078D3C3 /* PolygonArea.swift in Sources */ = {isa = PBXBuildFile; fileRef = 72BF0E5F248C9CD10078D3C3 /* PolygonArea.swift */; };
		72BF0E64248CA4C40078D3C3 /* FindPreferLocationTableViewCell.swift in Sources */ = {isa = PBXBuildFile; fileRef = 72BF0E63248CA4C40078D3C3 /* FindPreferLocationTableViewCell.swift */; };
		72BF0E67248CAF1D0078D3C3 /* ResultPreferLocationViewController.swift in Sources */ = {isa = PBXBuildFile; fileRef = 72BF0E66248CAF1D0078D3C3 /* ResultPreferLocationViewController.swift */; };
		72C7D53E2483CBFB0005FB76 /* SearchAddressModel.swift in Sources */ = {isa = PBXBuildFile; fileRef = 72C7D53D2483CBFB0005FB76 /* SearchAddressModel.swift */; };
		72CDE74425375D630087958B /* StarRatingStackView.swift in Sources */ = {isa = PBXBuildFile; fileRef = 72CDE74125375D630087958B /* StarRatingStackView.swift */; };
		72CDE74525375D630087958B /* StarRatingStackView.xib in Resources */ = {isa = PBXBuildFile; fileRef = 72CDE74225375D630087958B /* StarRatingStackView.xib */; };
		72CDE74625375D630087958B /* StarRatingView.swift in Sources */ = {isa = PBXBuildFile; fileRef = 72CDE74325375D630087958B /* StarRatingView.swift */; };
/* End PBXBuildFile section */

/* Begin PBXFileReference section */
		7205900A24E7D3BD00AB3E58 /* PlaceCardView.xib */ = {isa = PBXFileReference; lastKnownFileType = file.xib; path = PlaceCardView.xib; sourceTree = "<group>"; };
		7205900C24E7D3D700AB3E58 /* PlaceCardView.swift */ = {isa = PBXFileReference; lastKnownFileType = sourcecode.swift; path = PlaceCardView.swift; sourceTree = "<group>"; };
		721E3869247181B6004420CA /* MiddlePoint.app */ = {isa = PBXFileReference; explicitFileType = wrapper.application; includeInIndex = 0; path = MiddlePoint.app; sourceTree = BUILT_PRODUCTS_DIR; };
		721E386C247181B6004420CA /* AppDelegate.swift */ = {isa = PBXFileReference; lastKnownFileType = sourcecode.swift; path = AppDelegate.swift; sourceTree = "<group>"; };
		721E3873247181B6004420CA /* Base */ = {isa = PBXFileReference; lastKnownFileType = file.storyboard; name = Base; path = Base.lproj/Main.storyboard; sourceTree = "<group>"; };
		721E3875247181B6004420CA /* Assets.xcassets */ = {isa = PBXFileReference; lastKnownFileType = folder.assetcatalog; path = Assets.xcassets; sourceTree = "<group>"; };
		721E3878247181B6004420CA /* Base */ = {isa = PBXFileReference; lastKnownFileType = file.storyboard; name = Base; path = Base.lproj/LaunchScreen.storyboard; sourceTree = "<group>"; };
		721E387A247181B6004420CA /* Info.plist */ = {isa = PBXFileReference; lastKnownFileType = text.plist.xml; path = Info.plist; sourceTree = "<group>"; };
		721E388024718344004420CA /* FindAddressViewController.swift */ = {isa = PBXFileReference; fileEncoding = 4; lastKnownFileType = sourcecode.swift; path = FindAddressViewController.swift; sourceTree = "<group>"; };
		721E388224719436004420CA /* FriendAddressTableViewCell.swift */ = {isa = PBXFileReference; lastKnownFileType = sourcecode.swift; path = FriendAddressTableViewCell.swift; sourceTree = "<group>"; };
		7239633524F4FB7B00A67BDD /* KakaoShare.swift */ = {isa = PBXFileReference; lastKnownFileType = sourcecode.swift; path = KakaoShare.swift; sourceTree = "<group>"; };
		724DD56A248D137200290110 /* Location.swift */ = {isa = PBXFileReference; fileEncoding = 4; lastKnownFileType = sourcecode.swift; path = Location.swift; sourceTree = "<group>"; };
		724DD56B248D137200290110 /* Results.swift */ = {isa = PBXFileReference; fileEncoding = 4; lastKnownFileType = sourcecode.swift; path = Results.swift; sourceTree = "<group>"; };
		724DD56C248D137200290110 /* Southwest.swift */ = {isa = PBXFileReference; fileEncoding = 4; lastKnownFileType = sourcecode.swift; path = Southwest.swift; sourceTree = "<group>"; };
		724DD56D248D137200290110 /* Plus_code.swift */ = {isa = PBXFileReference; fileEncoding = 4; lastKnownFileType = sourcecode.swift; path = Plus_code.swift; sourceTree = "<group>"; };
		724DD56E248D137200290110 /* Photos.swift */ = {isa = PBXFileReference; fileEncoding = 4; lastKnownFileType = sourcecode.swift; path = Photos.swift; sourceTree = "<group>"; };
		724DD56F248D137200290110 /* Northeast.swift */ = {isa = PBXFileReference; fileEncoding = 4; lastKnownFileType = sourcecode.swift; path = Northeast.swift; sourceTree = "<group>"; };
		724DD571248D137200290110 /* Viewport.swift */ = {isa = PBXFileReference; fileEncoding = 4; lastKnownFileType = sourcecode.swift; path = Viewport.swift; sourceTree = "<group>"; };
		724DD572248D137300290110 /* Geometry.swift */ = {isa = PBXFileReference; fileEncoding = 4; lastKnownFileType = sourcecode.swift; path = Geometry.swift; sourceTree = "<group>"; };
		724DD57C248D13CF00290110 /* PlaceData.swift */ = {isa = PBXFileReference; fileEncoding = 4; lastKnownFileType = sourcecode.swift; path = PlaceData.swift; sourceTree = "<group>"; };
		727B9D812477F4AF00984A62 /* FindPreferLocationViewController.swift */ = {isa = PBXFileReference; lastKnownFileType = sourcecode.swift; path = FindPreferLocationViewController.swift; sourceTree = "<group>"; };
		72BF0E5F248C9CD10078D3C3 /* PolygonArea.swift */ = {isa = PBXFileReference; lastKnownFileType = sourcecode.swift; path = PolygonArea.swift; sourceTree = "<group>"; };
		72BF0E63248CA4C40078D3C3 /* FindPreferLocationTableViewCell.swift */ = {isa = PBXFileReference; lastKnownFileType = sourcecode.swift; path = FindPreferLocationTableViewCell.swift; sourceTree = "<group>"; };
		72BF0E66248CAF1D0078D3C3 /* ResultPreferLocationViewController.swift */ = {isa = PBXFileReference; lastKnownFileType = sourcecode.swift; path = ResultPreferLocationViewController.swift; sourceTree = "<group>"; };
		72C7D53D2483CBFB0005FB76 /* SearchAddressModel.swift */ = {isa = PBXFileReference; lastKnownFileType = sourcecode.swift; path = SearchAddressModel.swift; sourceTree = "<group>"; };
		72CDE74125375D630087958B /* StarRatingStackView.swift */ = {isa = PBXFileReference; fileEncoding = 4; lastKnownFileType = sourcecode.swift; path = StarRatingStackView.swift; sourceTree = "<group>"; };
		72CDE74225375D630087958B /* StarRatingStackView.xib */ = {isa = PBXFileReference; fileEncoding = 4; lastKnownFileType = file.xib; path = StarRatingStackView.xib; sourceTree = "<group>"; };
		72CDE74325375D630087958B /* StarRatingView.swift */ = {isa = PBXFileReference; fileEncoding = 4; lastKnownFileType = sourcecode.swift; path = StarRatingView.swift; sourceTree = "<group>"; };
		9075D2B6413A8A4F5AD0E7A7 /* Pods_MiddlePoint.framework */ = {isa = PBXFileReference; explicitFileType = wrapper.framework; includeInIndex = 0; path = Pods_MiddlePoint.framework; sourceTree = BUILT_PRODUCTS_DIR; };
		AF283616EFCD84ED0145B8DF /* Pods-MiddlePoint.debug.xcconfig */ = {isa = PBXFileReference; includeInIndex = 1; lastKnownFileType = text.xcconfig; name = "Pods-MiddlePoint.debug.xcconfig"; path = "Target Support Files/Pods-MiddlePoint/Pods-MiddlePoint.debug.xcconfig"; sourceTree = "<group>"; };
		C765A4DFEDD56D4499EF908D /* Pods-MiddlePoint.release.xcconfig */ = {isa = PBXFileReference; includeInIndex = 1; lastKnownFileType = text.xcconfig; name = "Pods-MiddlePoint.release.xcconfig"; path = "Target Support Files/Pods-MiddlePoint/Pods-MiddlePoint.release.xcconfig"; sourceTree = "<group>"; };
/* End PBXFileReference section */

/* Begin PBXFrameworksBuildPhase section */
		721E3866247181B6004420CA /* Frameworks */ = {
			isa = PBXFrameworksBuildPhase;
			buildActionMask = 2147483647;
			files = (
				627A11B7DCFBF9C84F68A422 /* Pods_MiddlePoint.framework in Frameworks */,
			);
			runOnlyForDeploymentPostprocessing = 0;
		};
/* End PBXFrameworksBuildPhase section */

/* Begin PBXGroup section */
		7205900924E7CF6400AB3E58 /* PlaceCardView */ = {
			isa = PBXGroup;
			children = (
				7205900C24E7D3D700AB3E58 /* PlaceCardView.swift */,
				7205900A24E7D3BD00AB3E58 /* PlaceCardView.xib */,
			);
			path = PlaceCardView;
			sourceTree = "<group>";
		};
		721E3860247181B6004420CA = {
			isa = PBXGroup;
			children = (
				721E386B247181B6004420CA /* MiddlePoint */,
				721E386A247181B6004420CA /* Products */,
				803DFD4B3BB4A62D8190D923 /* Pods */,
				8C21029F9F78EAED6BB60ED3 /* Frameworks */,
			);
			sourceTree = "<group>";
		};
		721E386A247181B6004420CA /* Products */ = {
			isa = PBXGroup;
			children = (
				721E3869247181B6004420CA /* MiddlePoint.app */,
			);
			name = Products;
			sourceTree = "<group>";
		};
		721E386B247181B6004420CA /* MiddlePoint */ = {
			isa = PBXGroup;
			children = (
				721E386C247181B6004420CA /* AppDelegate.swift */,
				727B9D832477FA7D00984A62 /* FindAddress */,
				727B9D842477FA8D00984A62 /* FindPreferLocation */,
				72BF0E65248CAEC50078D3C3 /* ResultPreferLocation */,
				721E3872247181B6004420CA /* Main.storyboard */,
				721E3877247181B6004420CA /* LaunchScreen.storyboard */,
				721E3875247181B6004420CA /* Assets.xcassets */,
				721E387A247181B6004420CA /* Info.plist */,
			);
			path = MiddlePoint;
			sourceTree = "<group>";
		};
		727B9D832477FA7D00984A62 /* FindAddress */ = {
			isa = PBXGroup;
			children = (
				721E388024718344004420CA /* FindAddressViewController.swift */,
				721E388224719436004420CA /* FriendAddressTableViewCell.swift */,
				72C7D53D2483CBFB0005FB76 /* SearchAddressModel.swift */,
			);
			path = FindAddress;
			sourceTree = "<group>";
		};
		727B9D842477FA8D00984A62 /* FindPreferLocation */ = {
			isa = PBXGroup;
			children = (
				727B9D812477F4AF00984A62 /* FindPreferLocationViewController.swift */,
				72BF0E63248CA4C40078D3C3 /* FindPreferLocationTableViewCell.swift */,
				72BF0E5F248C9CD10078D3C3 /* PolygonArea.swift */,
			);
			path = FindPreferLocation;
			sourceTree = "<group>";
		};
		72BF0E65248CAEC50078D3C3 /* ResultPreferLocation */ = {
			isa = PBXGroup;
			children = (
				72BF0E66248CAF1D0078D3C3 /* ResultPreferLocationViewController.swift */,
				7239633524F4FB7B00A67BDD /* KakaoShare.swift */,
				7205900924E7CF6400AB3E58 /* PlaceCardView */,
				72BF0E6A248CE9C50078D3C3 /* PlaceData */,
				72CDE74025375D500087958B /* StarRatingview */,
			);
			path = ResultPreferLocation;
			sourceTree = "<group>";
		};
		72BF0E6A248CE9C50078D3C3 /* PlaceData */ = {
			isa = PBXGroup;
			children = (
				724DD572248D137300290110 /* Geometry.swift */,
				724DD57C248D13CF00290110 /* PlaceData.swift */,
				724DD56A248D137200290110 /* Location.swift */,
				724DD56F248D137200290110 /* Northeast.swift */,
				724DD56E248D137200290110 /* Photos.swift */,
				724DD56D248D137200290110 /* Plus_code.swift */,
				724DD56B248D137200290110 /* Results.swift */,
				724DD56C248D137200290110 /* Southwest.swift */,
				724DD571248D137200290110 /* Viewport.swift */,
			);
			path = PlaceData;
			sourceTree = "<group>";
		};
		72CDE74025375D500087958B /* StarRatingview */ = {
			isa = PBXGroup;
			children = (
				72CDE74125375D630087958B /* StarRatingStackView.swift */,
				72CDE74325375D630087958B /* StarRatingView.swift */,
				72CDE74225375D630087958B /* StarRatingStackView.xib */,
			);
			path = StarRatingview;
			sourceTree = "<group>";
		};
		803DFD4B3BB4A62D8190D923 /* Pods */ = {
			isa = PBXGroup;
			children = (
				AF283616EFCD84ED0145B8DF /* Pods-MiddlePoint.debug.xcconfig */,
				C765A4DFEDD56D4499EF908D /* Pods-MiddlePoint.release.xcconfig */,
			);
			path = Pods;
			sourceTree = "<group>";
		};
		8C21029F9F78EAED6BB60ED3 /* Frameworks */ = {
			isa = PBXGroup;
			children = (
				9075D2B6413A8A4F5AD0E7A7 /* Pods_MiddlePoint.framework */,
			);
			name = Frameworks;
			sourceTree = "<group>";
		};
/* End PBXGroup section */

/* Begin PBXNativeTarget section */
		721E3868247181B6004420CA /* MiddlePoint */ = {
			isa = PBXNativeTarget;
			buildConfigurationList = 721E387D247181B6004420CA /* Build configuration list for PBXNativeTarget "MiddlePoint" */;
			buildPhases = (
				ED35DBA8920E3BF41A6BF924 /* [CP] Check Pods Manifest.lock */,
				721E3865247181B6004420CA /* Sources */,
				721E3866247181B6004420CA /* Frameworks */,
				721E3867247181B6004420CA /* Resources */,
				D2A6FC09D2BBEBA735978057 /* [CP] Embed Pods Frameworks */,
				3F591C2B1A0865788892291A /* [CP] Copy Pods Resources */,
			);
			buildRules = (
			);
			dependencies = (
			);
			name = MiddlePoint;
			productName = MiddlePoint;
			productReference = 721E3869247181B6004420CA /* MiddlePoint.app */;
			productType = "com.apple.product-type.application";
		};
/* End PBXNativeTarget section */

/* Begin PBXProject section */
		721E3861247181B6004420CA /* Project object */ = {
			isa = PBXProject;
			attributes = {
				KnownAssetTags = (
					New,
				);
				LastSwiftUpdateCheck = 1140;
				LastUpgradeCheck = 1140;
				ORGANIZATIONNAME = yoonhyuk;
				TargetAttributes = {
					721E3868247181B6004420CA = {
						CreatedOnToolsVersion = 11.4.1;
					};
				};
			};
			buildConfigurationList = 721E3864247181B6004420CA /* Build configuration list for PBXProject "MiddlePoint" */;
			compatibilityVersion = "Xcode 9.3";
			developmentRegion = en;
			hasScannedForEncodings = 0;
			knownRegions = (
				en,
				Base,
			);
			mainGroup = 721E3860247181B6004420CA;
			productRefGroup = 721E386A247181B6004420CA /* Products */;
			projectDirPath = "";
			projectRoot = "";
			targets = (
				721E3868247181B6004420CA /* MiddlePoint */,
			);
		};
/* End PBXProject section */

/* Begin PBXResourcesBuildPhase section */
		721E3867247181B6004420CA /* Resources */ = {
			isa = PBXResourcesBuildPhase;
			buildActionMask = 2147483647;
			files = (
				7205900B24E7D3BD00AB3E58 /* PlaceCardView.xib in Resources */,
				721E3879247181B6004420CA /* LaunchScreen.storyboard in Resources */,
				721E3876247181B6004420CA /* Assets.xcassets in Resources */,
				72CDE74525375D630087958B /* StarRatingStackView.xib in Resources */,
				721E3874247181B6004420CA /* Main.storyboard in Resources */,
			);
			runOnlyForDeploymentPostprocessing = 0;
		};
/* End PBXResourcesBuildPhase section */

/* Begin PBXShellScriptBuildPhase section */
		3F591C2B1A0865788892291A /* [CP] Copy Pods Resources */ = {
			isa = PBXShellScriptBuildPhase;
			buildActionMask = 2147483647;
			files = (
			);
			inputFileListPaths = (
				"${PODS_ROOT}/Target Support Files/Pods-MiddlePoint/Pods-MiddlePoint-resources-${CONFIGURATION}-input-files.xcfilelist",
			);
			name = "[CP] Copy Pods Resources";
			outputFileListPaths = (
				"${PODS_ROOT}/Target Support Files/Pods-MiddlePoint/Pods-MiddlePoint-resources-${CONFIGURATION}-output-files.xcfilelist",
			);
			runOnlyForDeploymentPostprocessing = 0;
			shellPath = /bin/sh;
			shellScript = "\"${PODS_ROOT}/Target Support Files/Pods-MiddlePoint/Pods-MiddlePoint-resources.sh\"\n";
			showEnvVarsInLog = 0;
		};
		D2A6FC09D2BBEBA735978057 /* [CP] Embed Pods Frameworks */ = {
			isa = PBXShellScriptBuildPhase;
			buildActionMask = 2147483647;
			files = (
			);
			inputFileListPaths = (
				"${PODS_ROOT}/Target Support Files/Pods-MiddlePoint/Pods-MiddlePoint-frameworks-${CONFIGURATION}-input-files.xcfilelist",
			);
			name = "[CP] Embed Pods Frameworks";
			outputFileListPaths = (
				"${PODS_ROOT}/Target Support Files/Pods-MiddlePoint/Pods-MiddlePoint-frameworks-${CONFIGURATION}-output-files.xcfilelist",
			);
			runOnlyForDeploymentPostprocessing = 0;
			shellPath = /bin/sh;
			shellScript = "\"${PODS_ROOT}/Target Support Files/Pods-MiddlePoint/Pods-MiddlePoint-frameworks.sh\"\n";
			showEnvVarsInLog = 0;
		};
		ED35DBA8920E3BF41A6BF924 /* [CP] Check Pods Manifest.lock */ = {
			isa = PBXShellScriptBuildPhase;
			buildActionMask = 2147483647;
			files = (
			);
			inputFileListPaths = (
			);
			inputPaths = (
				"${PODS_PODFILE_DIR_PATH}/Podfile.lock",
				"${PODS_ROOT}/Manifest.lock",
			);
			name = "[CP] Check Pods Manifest.lock";
			outputFileListPaths = (
			);
			outputPaths = (
				"$(DERIVED_FILE_DIR)/Pods-MiddlePoint-checkManifestLockResult.txt",
			);
			runOnlyForDeploymentPostprocessing = 0;
			shellPath = /bin/sh;
			shellScript = "diff \"${PODS_PODFILE_DIR_PATH}/Podfile.lock\" \"${PODS_ROOT}/Manifest.lock\" > /dev/null\nif [ $? != 0 ] ; then\n    # print error to STDERR\n    echo \"error: The sandbox is not in sync with the Podfile.lock. Run 'pod install' or update your CocoaPods installation.\" >&2\n    exit 1\nfi\n# This output is used by Xcode 'outputs' to avoid re-running this script phase.\necho \"SUCCESS\" > \"${SCRIPT_OUTPUT_FILE_0}\"\n";
			showEnvVarsInLog = 0;
		};
/* End PBXShellScriptBuildPhase section */

/* Begin PBXSourcesBuildPhase section */
		721E3865247181B6004420CA /* Sources */ = {
			isa = PBXSourcesBuildPhase;
			buildActionMask = 2147483647;
			files = (
				724DD57B248D137300290110 /* Geometry.swift in Sources */,
				72C7D53E2483CBFB0005FB76 /* SearchAddressModel.swift in Sources */,
				7239633624F4FB7B00A67BDD /* KakaoShare.swift in Sources */,
				724DD575248D137300290110 /* Southwest.swift in Sources */,
				72BF0E64248CA4C40078D3C3 /* FindPreferLocationTableViewCell.swift in Sources */,
				721E388324719436004420CA /* FriendAddressTableViewCell.swift in Sources */,
				72BF0E60248C9CD10078D3C3 /* PolygonArea.swift in Sources */,
				724DD574248D137300290110 /* Results.swift in Sources */,
				724DD573248D137300290110 /* Location.swift in Sources */,
				724DD577248D137300290110 /* Photos.swift in Sources */,
				724DD57A248D137300290110 /* Viewport.swift in Sources */,
				724DD57D248D13CF00290110 /* PlaceData.swift in Sources */,
				72CDE74425375D630087958B /* StarRatingStackView.swift in Sources */,
				721E388124718344004420CA /* FindAddressViewController.swift in Sources */,
				72CDE74625375D630087958B /* StarRatingView.swift in Sources */,
				724DD576248D137300290110 /* Plus_code.swift in Sources */,
				727B9D822477F4AF00984A62 /* FindPreferLocationViewController.swift in Sources */,
				7205900D24E7D3D700AB3E58 /* PlaceCardView.swift in Sources */,
				72BF0E67248CAF1D0078D3C3 /* ResultPreferLocationViewController.swift in Sources */,
				724DD578248D137300290110 /* Northeast.swift in Sources */,
				721E386D247181B6004420CA /* AppDelegate.swift in Sources */,
			);
			runOnlyForDeploymentPostprocessing = 0;
		};
/* End PBXSourcesBuildPhase section */

/* Begin PBXVariantGroup section */
		721E3872247181B6004420CA /* Main.storyboard */ = {
			isa = PBXVariantGroup;
			children = (
				721E3873247181B6004420CA /* Base */,
			);
			name = Main.storyboard;
			sourceTree = "<group>";
		};
		721E3877247181B6004420CA /* LaunchScreen.storyboard */ = {
			isa = PBXVariantGroup;
			children = (
				721E3878247181B6004420CA /* Base */,
			);
			name = LaunchScreen.storyboard;
			sourceTree = "<group>";
		};
/* End PBXVariantGroup section */

/* Begin XCBuildConfiguration section */
		721E387B247181B6004420CA /* Debug */ = {
			isa = XCBuildConfiguration;
			buildSettings = {
				ALWAYS_SEARCH_USER_PATHS = NO;
				CLANG_ANALYZER_NONNULL = YES;
				CLANG_ANALYZER_NUMBER_OBJECT_CONVERSION = YES_AGGRESSIVE;
				CLANG_CXX_LANGUAGE_STANDARD = "gnu++14";
				CLANG_CXX_LIBRARY = "libc++";
				CLANG_ENABLE_MODULES = YES;
				CLANG_ENABLE_OBJC_ARC = YES;
				CLANG_ENABLE_OBJC_WEAK = YES;
				CLANG_WARN_BLOCK_CAPTURE_AUTORELEASING = YES;
				CLANG_WARN_BOOL_CONVERSION = YES;
				CLANG_WARN_COMMA = YES;
				CLANG_WARN_CONSTANT_CONVERSION = YES;
				CLANG_WARN_DEPRECATED_OBJC_IMPLEMENTATIONS = YES;
				CLANG_WARN_DIRECT_OBJC_ISA_USAGE = YES_ERROR;
				CLANG_WARN_DOCUMENTATION_COMMENTS = YES;
				CLANG_WARN_EMPTY_BODY = YES;
				CLANG_WARN_ENUM_CONVERSION = YES;
				CLANG_WARN_INFINITE_RECURSION = YES;
				CLANG_WARN_INT_CONVERSION = YES;
				CLANG_WARN_NON_LITERAL_NULL_CONVERSION = YES;
				CLANG_WARN_OBJC_IMPLICIT_RETAIN_SELF = YES;
				CLANG_WARN_OBJC_LITERAL_CONVERSION = YES;
				CLANG_WARN_OBJC_ROOT_CLASS = YES_ERROR;
				CLANG_WARN_RANGE_LOOP_ANALYSIS = YES;
				CLANG_WARN_STRICT_PROTOTYPES = YES;
				CLANG_WARN_SUSPICIOUS_MOVE = YES;
				CLANG_WARN_UNGUARDED_AVAILABILITY = YES_AGGRESSIVE;
				CLANG_WARN_UNREACHABLE_CODE = YES;
				CLANG_WARN__DUPLICATE_METHOD_MATCH = YES;
				COPY_PHASE_STRIP = NO;
				DEBUG_INFORMATION_FORMAT = dwarf;
				ENABLE_STRICT_OBJC_MSGSEND = YES;
				ENABLE_TESTABILITY = YES;
				GCC_C_LANGUAGE_STANDARD = gnu11;
				GCC_DYNAMIC_NO_PIC = NO;
				GCC_NO_COMMON_BLOCKS = YES;
				GCC_OPTIMIZATION_LEVEL = 0;
				GCC_PREPROCESSOR_DEFINITIONS = (
					"DEBUG=1",
					"$(inherited)",
				);
				GCC_WARN_64_TO_32_BIT_CONVERSION = YES;
				GCC_WARN_ABOUT_RETURN_TYPE = YES_ERROR;
				GCC_WARN_UNDECLARED_SELECTOR = YES;
				GCC_WARN_UNINITIALIZED_AUTOS = YES_AGGRESSIVE;
				GCC_WARN_UNUSED_FUNCTION = YES;
				GCC_WARN_UNUSED_VARIABLE = YES;
				IPHONEOS_DEPLOYMENT_TARGET = 13.0;
				MTL_ENABLE_DEBUG_INFO = INCLUDE_SOURCE;
				MTL_FAST_MATH = YES;
				ONLY_ACTIVE_ARCH = YES;
				SDKROOT = iphoneos;
				SWIFT_ACTIVE_COMPILATION_CONDITIONS = DEBUG;
				SWIFT_OPTIMIZATION_LEVEL = "-Onone";
			};
			name = Debug;
		};
		721E387C247181B6004420CA /* Release */ = {
			isa = XCBuildConfiguration;
			buildSettings = {
				ALWAYS_SEARCH_USER_PATHS = NO;
				CLANG_ANALYZER_NONNULL = YES;
				CLANG_ANALYZER_NUMBER_OBJECT_CONVERSION = YES_AGGRESSIVE;
				CLANG_CXX_LANGUAGE_STANDARD = "gnu++14";
				CLANG_CXX_LIBRARY = "libc++";
				CLANG_ENABLE_MODULES = YES;
				CLANG_ENABLE_OBJC_ARC = YES;
				CLANG_ENABLE_OBJC_WEAK = YES;
				CLANG_WARN_BLOCK_CAPTURE_AUTORELEASING = YES;
				CLANG_WARN_BOOL_CONVERSION = YES;
				CLANG_WARN_COMMA = YES;
				CLANG_WARN_CONSTANT_CONVERSION = YES;
				CLANG_WARN_DEPRECATED_OBJC_IMPLEMENTATIONS = YES;
				CLANG_WARN_DIRECT_OBJC_ISA_USAGE = YES_ERROR;
				CLANG_WARN_DOCUMENTATION_COMMENTS = YES;
				CLANG_WARN_EMPTY_BODY = YES;
				CLANG_WARN_ENUM_CONVERSION = YES;
				CLANG_WARN_INFINITE_RECURSION = YES;
				CLANG_WARN_INT_CONVERSION = YES;
				CLANG_WARN_NON_LITERAL_NULL_CONVERSION = YES;
				CLANG_WARN_OBJC_IMPLICIT_RETAIN_SELF = YES;
				CLANG_WARN_OBJC_LITERAL_CONVERSION = YES;
				CLANG_WARN_OBJC_ROOT_CLASS = YES_ERROR;
				CLANG_WARN_RANGE_LOOP_ANALYSIS = YES;
				CLANG_WARN_STRICT_PROTOTYPES = YES;
				CLANG_WARN_SUSPICIOUS_MOVE = YES;
				CLANG_WARN_UNGUARDED_AVAILABILITY = YES_AGGRESSIVE;
				CLANG_WARN_UNREACHABLE_CODE = YES;
				CLANG_WARN__DUPLICATE_METHOD_MATCH = YES;
				COPY_PHASE_STRIP = NO;
				DEBUG_INFORMATION_FORMAT = "dwarf-with-dsym";
				ENABLE_NS_ASSERTIONS = NO;
				ENABLE_STRICT_OBJC_MSGSEND = YES;
				GCC_C_LANGUAGE_STANDARD = gnu11;
				GCC_NO_COMMON_BLOCKS = YES;
				GCC_WARN_64_TO_32_BIT_CONVERSION = YES;
				GCC_WARN_ABOUT_RETURN_TYPE = YES_ERROR;
				GCC_WARN_UNDECLARED_SELECTOR = YES;
				GCC_WARN_UNINITIALIZED_AUTOS = YES_AGGRESSIVE;
				GCC_WARN_UNUSED_FUNCTION = YES;
				GCC_WARN_UNUSED_VARIABLE = YES;
				IPHONEOS_DEPLOYMENT_TARGET = 13.0;
				MTL_ENABLE_DEBUG_INFO = NO;
				MTL_FAST_MATH = YES;
				SDKROOT = iphoneos;
				SWIFT_COMPILATION_MODE = wholemodule;
				SWIFT_OPTIMIZATION_LEVEL = "-O";
				VALIDATE_PRODUCT = YES;
			};
			name = Release;
		};
		721E387E247181B6004420CA /* Debug */ = {
			isa = XCBuildConfiguration;
			baseConfigurationReference = AF283616EFCD84ED0145B8DF /* Pods-MiddlePoint.debug.xcconfig */;
			buildSettings = {
				ASSETCATALOG_COMPILER_APPICON_NAME = AppIcon;
				CODE_SIGN_IDENTITY = "Apple Development";
				CODE_SIGN_STYLE = Automatic;
				DEVELOPMENT_TEAM = "";
				INFOPLIST_FILE = MiddlePoint/Info.plist;
				LD_RUNPATH_SEARCH_PATHS = (
					"$(inherited)",
					"@executable_path/Frameworks",
				);
				PRODUCT_BUNDLE_IDENTIFIER = com.yoonhyuk.MiddlePoint;
				PRODUCT_NAME = "$(TARGET_NAME)";
				PROVISIONING_PROFILE_SPECIFIER = "";
				SWIFT_VERSION = 5.0;
				TARGETED_DEVICE_FAMILY = "1,2";
			};
			name = Debug;
		};
		721E387F247181B6004420CA /* Release */ = {
			isa = XCBuildConfiguration;
			baseConfigurationReference = C765A4DFEDD56D4499EF908D /* Pods-MiddlePoint.release.xcconfig */;
			buildSettings = {
				ASSETCATALOG_COMPILER_APPICON_NAME = AppIcon;
				CODE_SIGN_IDENTITY = "Apple Development";
				CODE_SIGN_STYLE = Automatic;
				DEVELOPMENT_TEAM = "";
				INFOPLIST_FILE = MiddlePoint/Info.plist;
				LD_RUNPATH_SEARCH_PATHS = (
					"$(inherited)",
					"@executable_path/Frameworks",
				);
				PRODUCT_BUNDLE_IDENTIFIER = com.yoonhyuk.MiddlePoint;
				PRODUCT_NAME = "$(TARGET_NAME)";
				PROVISIONING_PROFILE_SPECIFIER = "";
				SWIFT_VERSION = 5.0;
				TARGETED_DEVICE_FAMILY = "1,2";
			};
			name = Release;
		};
/* End XCBuildConfiguration section */

/* Begin XCConfigurationList section */
		721E3864247181B6004420CA /* Build configuration list for PBXProject "MiddlePoint" */ = {
			isa = XCConfigurationList;
			buildConfigurations = (
				721E387B247181B6004420CA /* Debug */,
				721E387C247181B6004420CA /* Release */,
			);
			defaultConfigurationIsVisible = 0;
			defaultConfigurationName = Release;
		};
		721E387D247181B6004420CA /* Build configuration list for PBXNativeTarget "MiddlePoint" */ = {
			isa = XCConfigurationList;
			buildConfigurations = (
				721E387E247181B6004420CA /* Debug */,
				721E387F247181B6004420CA /* Release */,
			);
			defaultConfigurationIsVisible = 0;
			defaultConfigurationName = Release;
		};
/* End XCConfigurationList section */
	};
	rootObject = 721E3861247181B6004420CA /* Project object */;
}
